
Microsoft Visual Studio Solution File, Format Version 12.00
# Visual Studio Version 16
VisualStudioVersion = 16.0.31410.357
MinimumVisualStudioVersion = 10.0.40219.1
Project("{9092AA53-FB77-4645-B42D-1CCCA6BD08BD}") = "Re_Node", "Re_Node\Re_Node.njsproj", "{0E94AE63-6BC7-49D9-AECD-603B17D3CB39}"
EndProject
Global
	GlobalSection(SolutionConfigurationPlatforms) = preSolution
		Debug|Any CPU = Debug|Any CPU
		Release|Any CPU = Release|Any CPU
	EndGlobalSection
	GlobalSection(ProjectConfigurationPlatforms) = postSolution
		{0E94AE63-6BC7-49D9-AECD-603B17D3CB39}.Debug|Any CPU.ActiveCfg = Debug|Any CPU
		{0E94AE63-6BC7-49D9-AECD-603B17D3CB39}.Debug|Any CPU.Build.0 = Debug|Any CPU
		{0E94AE63-6BC7-49D9-AECD-603B17D3CB39}.Release|Any CPU.ActiveCfg = Release|Any CPU
		{0E94AE63-6BC7-49D9-AECD-603B17D3CB39}.Release|Any CPU.Build.0 = Release|Any CPU
	EndGlobalSection
	GlobalSection(SolutionProperties) = preSolution
		HideSolutionNode = FALSE
	EndGlobalSection
	GlobalSection(ExtensibilityGlobals) = postSolution
		SolutionGuid = {75A0D323-058B-4BB6-84F5-0553F55385FE}
	EndGlobalSection
EndGlobal
